
Microsoft Visual Studio Solution File, Format Version 12.00
# Visual Studio Version 17
VisualStudioVersion = 17.0.31903.59
MinimumVisualStudioVersion = 10.0.40219.1
Project("{2150E333-8FDC-42A3-9474-1A3956D46DE8}") = "Backend", "Backend", "{F685126B-6CF6-4D8D-AEBC-54F90C191E17}"
	ProjectSection(SolutionItems) = preProject
		.gitignore = .gitignore
	EndProjectSection
EndProject
Project("{FAE04EC0-301F-11D3-BF4B-00C04F79EFBC}") = "Database", "Backend\Database\Database.csproj", "{80EF10D4-CCA9-42D7-8631-B8EB87AD8EC8}"
EndProject
Project("{FAE04EC0-301F-11D3-BF4B-00C04F79EFBC}") = "API", "Backend\API\API.csproj", "{24D24C2D-6085-4DD2-B417-FDD34B486352}"
EndProject
Project("{FAE04EC0-301F-11D3-BF4B-00C04F79EFBC}") = "Settings", "Backend\Settings\Settings.csproj", "{A2E49D5D-EBD7-4334-8EE3-AE966E7B7A49}"
EndProject
Project("{FAE04EC0-301F-11D3-BF4B-00C04F79EFBC}") = "Logging", "Backend\Logging\Logging.csproj", "{6DE10A65-6A78-432E-A2B9-4325DDB73A97}"
EndProject
Project("{FAE04EC0-301F-11D3-BF4B-00C04F79EFBC}") = "UnitTests", "Backend\UnitTests\UnitTests.csproj", "{B7442F96-3F5D-4788-9FFF-21211F6D35CF}"
EndProject
Global
	GlobalSection(SolutionConfigurationPlatforms) = preSolution
		Debug|Any CPU = Debug|Any CPU
		Release|Any CPU = Release|Any CPU
	EndGlobalSection
	GlobalSection(ProjectConfigurationPlatforms) = postSolution
		{80EF10D4-CCA9-42D7-8631-B8EB87AD8EC8}.Debug|Any CPU.ActiveCfg = Debug|Any CPU
		{80EF10D4-CCA9-42D7-8631-B8EB87AD8EC8}.Debug|Any CPU.Build.0 = Debug|Any CPU
		{80EF10D4-CCA9-42D7-8631-B8EB87AD8EC8}.Release|Any CPU.ActiveCfg = Release|Any CPU
		{80EF10D4-CCA9-42D7-8631-B8EB87AD8EC8}.Release|Any CPU.Build.0 = Release|Any CPU
		{24D24C2D-6085-4DD2-B417-FDD34B486352}.Debug|Any CPU.ActiveCfg = Debug|Any CPU
		{24D24C2D-6085-4DD2-B417-FDD34B486352}.Debug|Any CPU.Build.0 = Debug|Any CPU
		{24D24C2D-6085-4DD2-B417-FDD34B486352}.Release|Any CPU.ActiveCfg = Release|Any CPU
		{24D24C2D-6085-4DD2-B417-FDD34B486352}.Release|Any CPU.Build.0 = Release|Any CPU
		{A2E49D5D-EBD7-4334-8EE3-AE966E7B7A49}.Debug|Any CPU.ActiveCfg = Debug|Any CPU
		{A2E49D5D-EBD7-4334-8EE3-AE966E7B7A49}.Debug|Any CPU.Build.0 = Debug|Any CPU
		{A2E49D5D-EBD7-4334-8EE3-AE966E7B7A49}.Release|Any CPU.ActiveCfg = Release|Any CPU
		{A2E49D5D-EBD7-4334-8EE3-AE966E7B7A49}.Release|Any CPU.Build.0 = Release|Any CPU
		{6DE10A65-6A78-432E-A2B9-4325DDB73A97}.Debug|Any CPU.ActiveCfg = Debug|Any CPU
		{6DE10A65-6A78-432E-A2B9-4325DDB73A97}.Debug|Any CPU.Build.0 = Debug|Any CPU
		{6DE10A65-6A78-432E-A2B9-4325DDB73A97}.Release|Any CPU.ActiveCfg = Release|Any CPU
		{6DE10A65-6A78-432E-A2B9-4325DDB73A97}.Release|Any CPU.Build.0 = Release|Any CPU
		{B7442F96-3F5D-4788-9FFF-21211F6D35CF}.Debug|Any CPU.ActiveCfg = Debug|Any CPU
		{B7442F96-3F5D-4788-9FFF-21211F6D35CF}.Debug|Any CPU.Build.0 = Debug|Any CPU
		{B7442F96-3F5D-4788-9FFF-21211F6D35CF}.Release|Any CPU.ActiveCfg = Release|Any CPU
		{B7442F96-3F5D-4788-9FFF-21211F6D35CF}.Release|Any CPU.Build.0 = Release|Any CPU
	EndGlobalSection
	GlobalSection(SolutionProperties) = preSolution
		HideSolutionNode = FALSE
	EndGlobalSection
	GlobalSection(NestedProjects) = preSolution
		{80EF10D4-CCA9-42D7-8631-B8EB87AD8EC8} = {F685126B-6CF6-4D8D-AEBC-54F90C191E17}
		{24D24C2D-6085-4DD2-B417-FDD34B486352} = {F685126B-6CF6-4D8D-AEBC-54F90C191E17}
		{A2E49D5D-EBD7-4334-8EE3-AE966E7B7A49} = {F685126B-6CF6-4D8D-AEBC-54F90C191E17}
		{6DE10A65-6A78-432E-A2B9-4325DDB73A97} = {F685126B-6CF6-4D8D-AEBC-54F90C191E17}
		{B7442F96-3F5D-4788-9FFF-21211F6D35CF} = {F685126B-6CF6-4D8D-AEBC-54F90C191E17}
	EndGlobalSection
	GlobalSection(ExtensibilityGlobals) = postSolution
		SolutionGuid = {9E9F9471-EEF4-41CE-A9CE-0203F7D86D39}
	EndGlobalSection
EndGlobal
